
Microsoft Visual Studio Solution File, Format Version 12.00
# Visual Studio 2017
Project("{FAE04EC0-301F-11D3-BF4B-00C04F79EFBC}") = "UGUI系統", "UGUI系統.csproj", "{93774DE6-800F-E721-AF9C-E5D72CB62548}"
EndProject
Global
	GlobalSection(SolutionConfigurationPlatforms) = preSolution
		Debug|Any CPU = Debug|Any CPU
		Release|Any CPU = Release|Any CPU
	EndGlobalSection
	GlobalSection(ProjectConfigurationPlatforms) = postSolution
		{93774DE6-800F-E721-AF9C-E5D72CB62548}.Debug|Any CPU.ActiveCfg = Debug|Any CPU
		{93774DE6-800F-E721-AF9C-E5D72CB62548}.Debug|Any CPU.Build.0 = Debug|Any CPU
		{93774DE6-800F-E721-AF9C-E5D72CB62548}.Release|Any CPU.ActiveCfg = Release|Any CPU
		{93774DE6-800F-E721-AF9C-E5D72CB62548}.Release|Any CPU.Build.0 = Release|Any CPU
	EndGlobalSection
	GlobalSection(SolutionProperties) = preSolution
		HideSolutionNode = FALSE
	EndGlobalSection
EndGlobal
