
Microsoft Visual Studio Solution File, Format Version 12.00
# Visual Studio 2017
Project("{FAE04EC0-301F-11D3-BF4B-00C04F79EFBC}") = "UGUI系統b", "UGUI系統b.csproj", "{590E7369-1949-BB18-934F-237BB3BCCB89}"
EndProject
Global
	GlobalSection(SolutionConfigurationPlatforms) = preSolution
		Debug|Any CPU = Debug|Any CPU
		Release|Any CPU = Release|Any CPU
	EndGlobalSection
	GlobalSection(ProjectConfigurationPlatforms) = postSolution
		{590E7369-1949-BB18-934F-237BB3BCCB89}.Debug|Any CPU.ActiveCfg = Debug|Any CPU
		{590E7369-1949-BB18-934F-237BB3BCCB89}.Debug|Any CPU.Build.0 = Debug|Any CPU
		{590E7369-1949-BB18-934F-237BB3BCCB89}.Release|Any CPU.ActiveCfg = Release|Any CPU
		{590E7369-1949-BB18-934F-237BB3BCCB89}.Release|Any CPU.Build.0 = Release|Any CPU
	EndGlobalSection
	GlobalSection(SolutionProperties) = preSolution
		HideSolutionNode = FALSE
	EndGlobalSection
EndGlobal
