
Microsoft Visual Studio Solution File, Format Version 12.00
# Visual Studio 2017
Project("{FAE04EC0-301F-11D3-BF4B-00C04F79EFBC}") = "Monster AI.Plugins", "Monster AI.Plugins.csproj", "{CAA3872F-2432-CDF6-E4FE-A11E67EB2D0D}"
EndProject
Project("{FAE04EC0-301F-11D3-BF4B-00C04F79EFBC}") = "Monster AI", "Monster AI.csproj", "{D737E0CF-8CB9-D0EA-DD48-010ABB80F164}"
EndProject
Project("{FAE04EC0-301F-11D3-BF4B-00C04F79EFBC}") = "Monster AI.Editor", "Monster AI.Editor.csproj", "{6147AC42-E2AC-B8A4-D3E0-BDFA4370ABEE}"
EndProject
Global
	GlobalSection(SolutionConfigurationPlatforms) = preSolution
		Debug|Any CPU = Debug|Any CPU
		Release|Any CPU = Release|Any CPU
	EndGlobalSection
	GlobalSection(ProjectConfigurationPlatforms) = postSolution
		{CAA3872F-2432-CDF6-E4FE-A11E67EB2D0D}.Debug|Any CPU.ActiveCfg = Debug|Any CPU
		{CAA3872F-2432-CDF6-E4FE-A11E67EB2D0D}.Debug|Any CPU.Build.0 = Debug|Any CPU
		{CAA3872F-2432-CDF6-E4FE-A11E67EB2D0D}.Release|Any CPU.ActiveCfg = Release|Any CPU
		{CAA3872F-2432-CDF6-E4FE-A11E67EB2D0D}.Release|Any CPU.Build.0 = Release|Any CPU
		{D737E0CF-8CB9-D0EA-DD48-010ABB80F164}.Debug|Any CPU.ActiveCfg = Debug|Any CPU
		{D737E0CF-8CB9-D0EA-DD48-010ABB80F164}.Debug|Any CPU.Build.0 = Debug|Any CPU
		{D737E0CF-8CB9-D0EA-DD48-010ABB80F164}.Release|Any CPU.ActiveCfg = Release|Any CPU
		{D737E0CF-8CB9-D0EA-DD48-010ABB80F164}.Release|Any CPU.Build.0 = Release|Any CPU
		{6147AC42-E2AC-B8A4-D3E0-BDFA4370ABEE}.Debug|Any CPU.ActiveCfg = Debug|Any CPU
		{6147AC42-E2AC-B8A4-D3E0-BDFA4370ABEE}.Debug|Any CPU.Build.0 = Debug|Any CPU
		{6147AC42-E2AC-B8A4-D3E0-BDFA4370ABEE}.Release|Any CPU.ActiveCfg = Release|Any CPU
		{6147AC42-E2AC-B8A4-D3E0-BDFA4370ABEE}.Release|Any CPU.Build.0 = Release|Any CPU
	EndGlobalSection
	GlobalSection(SolutionProperties) = preSolution
		HideSolutionNode = FALSE
	EndGlobalSection
EndGlobal
